
Microsoft Visual Studio Solution File, Format Version 12.00
# Visual Studio 14
VisualStudioVersion = 14.0.24720.0
MinimumVisualStudioVersion = 10.0.40219.1
Project("{FAE04EC0-301F-11D3-BF4B-00C04F79EFBC}") = "API", "API\API.csproj", "{A90588E3-5041-4320-9AFB-32B89A8D33C4}"
EndProject
Project("{FAE04EC0-301F-11D3-BF4B-00C04F79EFBC}") = "Test", "Test\Test.csproj", "{8E7D27D7-B0C2-47EC-A60C-DB85DAAD77D2}"
EndProject
Global
	GlobalSection(SolutionConfigurationPlatforms) = preSolution
		Debug|Any CPU = Debug|Any CPU
		Release|Any CPU = Release|Any CPU
	EndGlobalSection
	GlobalSection(ProjectConfigurationPlatforms) = postSolution
		{A90588E3-5041-4320-9AFB-32B89A8D33C4}.Debug|Any CPU.ActiveCfg = Debug|Any CPU
		{A90588E3-5041-4320-9AFB-32B89A8D33C4}.Debug|Any CPU.Build.0 = Debug|Any CPU
		{A90588E3-5041-4320-9AFB-32B89A8D33C4}.Release|Any CPU.ActiveCfg = Release|Any CPU
		{A90588E3-5041-4320-9AFB-32B89A8D33C4}.Release|Any CPU.Build.0 = Release|Any CPU
		{8E7D27D7-B0C2-47EC-A60C-DB85DAAD77D2}.Debug|Any CPU.ActiveCfg = Debug|Any CPU
		{8E7D27D7-B0C2-47EC-A60C-DB85DAAD77D2}.Debug|Any CPU.Build.0 = Debug|Any CPU
		{8E7D27D7-B0C2-47EC-A60C-DB85DAAD77D2}.Release|Any CPU.ActiveCfg = Release|Any CPU
		{8E7D27D7-B0C2-47EC-A60C-DB85DAAD77D2}.Release|Any CPU.Build.0 = Release|Any CPU
	EndGlobalSection
	GlobalSection(SolutionProperties) = preSolution
		HideSolutionNode = FALSE
	EndGlobalSection
EndGlobal
